
Microsoft Visual Studio Solution File, Format Version 12.00
# Visual Studio 15
VisualStudioVersion = 15.0.26430.6
MinimumVisualStudioVersion = 10.0.40219.1
Project("{FAE04EC0-301F-11D3-BF4B-00C04F79EFBC}") = "WPFCognetive", "WPFCognetive\WPFCognetive.csproj", "{8926C7C0-FBC1-4FAD-BD93-D81044F62A9D}"
EndProject
Project("{FAE04EC0-301F-11D3-BF4B-00C04F79EFBC}") = "IdentifyImage", "IdentifyImage\IdentifyImage.csproj", "{D04248FE-C425-44DC-A860-28C89C18B635}"
EndProject
Global
	GlobalSection(SolutionConfigurationPlatforms) = preSolution
		Debug|Any CPU = Debug|Any CPU
		Release|Any CPU = Release|Any CPU
	EndGlobalSection
	GlobalSection(ProjectConfigurationPlatforms) = postSolution
		{8926C7C0-FBC1-4FAD-BD93-D81044F62A9D}.Debug|Any CPU.ActiveCfg = Debug|Any CPU
		{8926C7C0-FBC1-4FAD-BD93-D81044F62A9D}.Debug|Any CPU.Build.0 = Debug|Any CPU
		{8926C7C0-FBC1-4FAD-BD93-D81044F62A9D}.Release|Any CPU.ActiveCfg = Release|Any CPU
		{8926C7C0-FBC1-4FAD-BD93-D81044F62A9D}.Release|Any CPU.Build.0 = Release|Any CPU
		{D04248FE-C425-44DC-A860-28C89C18B635}.Debug|Any CPU.ActiveCfg = Debug|Any CPU
		{D04248FE-C425-44DC-A860-28C89C18B635}.Debug|Any CPU.Build.0 = Debug|Any CPU
		{D04248FE-C425-44DC-A860-28C89C18B635}.Release|Any CPU.ActiveCfg = Release|Any CPU
		{D04248FE-C425-44DC-A860-28C89C18B635}.Release|Any CPU.Build.0 = Release|Any CPU
	EndGlobalSection
	GlobalSection(SolutionProperties) = preSolution
		HideSolutionNode = FALSE
	EndGlobalSection
EndGlobal
